
Microsoft Visual Studio Solution File, Format Version 12.00
# Visual Studio Version 17
VisualStudioVersion = 17.2.32526.322
MinimumVisualStudioVersion = 10.0.40219.1
Project("{FAE04EC0-301F-11D3-BF4B-00C04F79EFBC}") = "SR9_1", "SR9_1\SR9_1.csproj", "{02ECA86D-38E8-4EF9-AEEA-62AFF94599DA}"
EndProject
Global
	GlobalSection(SolutionConfigurationPlatforms) = preSolution
		Debug|Any CPU = Debug|Any CPU
		Release|Any CPU = Release|Any CPU
	EndGlobalSection
	GlobalSection(ProjectConfigurationPlatforms) = postSolution
		{02ECA86D-38E8-4EF9-AEEA-62AFF94599DA}.Debug|Any CPU.ActiveCfg = Debug|Any CPU
		{02ECA86D-38E8-4EF9-AEEA-62AFF94599DA}.Debug|Any CPU.Build.0 = Debug|Any CPU
		{02ECA86D-38E8-4EF9-AEEA-62AFF94599DA}.Release|Any CPU.ActiveCfg = Release|Any CPU
		{02ECA86D-38E8-4EF9-AEEA-62AFF94599DA}.Release|Any CPU.Build.0 = Release|Any CPU
	EndGlobalSection
	GlobalSection(SolutionProperties) = preSolution
		HideSolutionNode = FALSE
	EndGlobalSection
	GlobalSection(ExtensibilityGlobals) = postSolution
		SolutionGuid = {F464D38B-959E-48B8-92A3-8955CCC78D09}
	EndGlobalSection
EndGlobal
